// !$*UTF8*$!
{
	archiveVersion = 1;
	classes = {
	};
	objectVersion = 50;
	objects = {

/* Begin PBXBuildFile section */
		54CFC31F2530593F00041229 /* AppDelegate.swift in Sources */ = {isa = PBXBuildFile; fileRef = 54CFC31E2530593F00041229 /* AppDelegate.swift */; };
		54CFC3212530593F00041229 /* SceneDelegate.swift in Sources */ = {isa = PBXBuildFile; fileRef = 54CFC3202530593F00041229 /* SceneDelegate.swift */; };
		54CFC3232530593F00041229 /* ViewController.swift in Sources */ = {isa = PBXBuildFile; fileRef = 54CFC3222530593F00041229 /* ViewController.swift */; };
		54CFC3262530593F00041229 /* Main.storyboard in Resources */ = {isa = PBXBuildFile; fileRef = 54CFC3242530593F00041229 /* Main.storyboard */; };
		54CFC3282530593F00041229 /* Assets.xcassets in Resources */ = {isa = PBXBuildFile; fileRef = 54CFC3272530593F00041229 /* Assets.xcassets */; };
		54CFC32B2530593F00041229 /* LaunchScreen.storyboard in Resources */ = {isa = PBXBuildFile; fileRef = 54CFC3292530593F00041229 /* LaunchScreen.storyboard */; };
		54CFC33425305C6500041229 /* ListVC.swift in Sources */ = {isa = PBXBuildFile; fileRef = 54CFC33325305C6500041229 /* ListVC.swift */; };
		54CFC33F2530665100041229 /* majeed1.mp3 in Resources */ = {isa = PBXBuildFile; fileRef = 54CFC3372530665100041229 /* majeed1.mp3 */; };
		54CFC3402530665100041229 /* majed1.mp3 in Resources */ = {isa = PBXBuildFile; fileRef = 54CFC3382530665100041229 /* majed1.mp3 */; };
		54CFC3412530665100041229 /* fadhel2.mp3 in Resources */ = {isa = PBXBuildFile; fileRef = 54CFC3392530665100041229 /* fadhel2.mp3 */; };
		54CFC3422530665100041229 /* majeed2.mp3 in Resources */ = {isa = PBXBuildFile; fileRef = 54CFC33A2530665100041229 /* majeed2.mp3 */; };
		54CFC3432530665100041229 /* fadhel1.mp3 in Resources */ = {isa = PBXBuildFile; fileRef = 54CFC33B2530665100041229 /* fadhel1.mp3 */; };
		54CFC3442530665100041229 /* rashed2.mp3 in Resources */ = {isa = PBXBuildFile; fileRef = 54CFC33C2530665100041229 /* rashed2.mp3 */; };
		54CFC3452530665100041229 /* rashed1.mp3 in Resources */ = {isa = PBXBuildFile; fileRef = 54CFC33D2530665100041229 /* rashed1.mp3 */; };
		54CFC3462530665100041229 /* majed2.mp3 in Resources */ = {isa = PBXBuildFile; fileRef = 54CFC33E2530665100041229 /* majed2.mp3 */; };
		54CFC34925308AFF00041229 /* PlayerVC.swift in Sources */ = {isa = PBXBuildFile; fileRef = 54CFC34825308AFF00041229 /* PlayerVC.swift */; };
		54CFC34D2530C53500041229 /* Model.swift in Sources */ = {isa = PBXBuildFile; fileRef = 54CFC34C2530C53500041229 /* Model.swift */; };
/* End PBXBuildFile section */

/* Begin PBXFileReference section */
		54CFC31B2530593F00041229 /* songs.app */ = {isa = PBXFileReference; explicitFileType = wrapper.application; includeInIndex = 0; path = songs.app; sourceTree = BUILT_PRODUCTS_DIR; };
		54CFC31E2530593F00041229 /* AppDelegate.swift */ = {isa = PBXFileReference; lastKnownFileType = sourcecode.swift; path = AppDelegate.swift; sourceTree = "<group>"; };
		54CFC3202530593F00041229 /* SceneDelegate.swift */ = {isa = PBXFileReference; lastKnownFileType = sourcecode.swift; path = SceneDelegate.swift; sourceTree = "<group>"; };
		54CFC3222530593F00041229 /* ViewController.swift */ = {isa = PBXFileReference; lastKnownFileType = sourcecode.swift; path = ViewController.swift; sourceTree = "<group>"; };
		54CFC3252530593F00041229 /* Base */ = {isa = PBXFileReference; lastKnownFileType = file.storyboard; name = Base; path = Base.lproj/Main.storyboard; sourceTree = "<group>"; };
		54CFC3272530593F00041229 /* Assets.xcassets */ = {isa = PBXFileReference; lastKnownFileType = folder.assetcatalog; path = Assets.xcassets; sourceTree = "<group>"; };
		54CFC32A2530593F00041229 /* Base */ = {isa = PBXFileReference; lastKnownFileType = file.storyboard; name = Base; path = Base.lproj/LaunchScreen.storyboard; sourceTree = "<group>"; };
		54CFC32C2530593F00041229 /* Info.plist */ = {isa = PBXFileReference; lastKnownFileType = text.plist.xml; path = Info.plist; sourceTree = "<group>"; };
		54CFC33325305C6500041229 /* ListVC.swift */ = {isa = PBXFileReference; lastKnownFileType = sourcecode.swift; path = ListVC.swift; sourceTree = "<group>"; };
		54CFC3372530665100041229 /* majeed1.mp3 */ = {isa = PBXFileReference; lastKnownFileType = audio.mp3; path = majeed1.mp3; sourceTree = "<group>"; };
		54CFC3382530665100041229 /* majed1.mp3 */ = {isa = PBXFileReference; lastKnownFileType = audio.mp3; path = majed1.mp3; sourceTree = "<group>"; };
		54CFC3392530665100041229 /* fadhel2.mp3 */ = {isa = PBXFileReference; lastKnownFileType = audio.mp3; path = fadhel2.mp3; sourceTree = "<group>"; };
		54CFC33A2530665100041229 /* majeed2.mp3 */ = {isa = PBXFileReference; lastKnownFileType = audio.mp3; path = majeed2.mp3; sourceTree = "<group>"; };
		54CFC33B2530665100041229 /* fadhel1.mp3 */ = {isa = PBXFileReference; lastKnownFileType = audio.mp3; path = fadhel1.mp3; sourceTree = "<group>"; };
		54CFC33C2530665100041229 /* rashed2.mp3 */ = {isa = PBXFileReference; lastKnownFileType = audio.mp3; path = rashed2.mp3; sourceTree = "<group>"; };
		54CFC33D2530665100041229 /* rashed1.mp3 */ = {isa = PBXFileReference; lastKnownFileType = audio.mp3; path = rashed1.mp3; sourceTree = "<group>"; };
		54CFC33E2530665100041229 /* majed2.mp3 */ = {isa = PBXFileReference; lastKnownFileType = audio.mp3; path = majed2.mp3; sourceTree = "<group>"; };
		54CFC34825308AFF00041229 /* PlayerVC.swift */ = {isa = PBXFileReference; lastKnownFileType = sourcecode.swift; path = PlayerVC.swift; sourceTree = "<group>"; };
		54CFC34C2530C53500041229 /* Model.swift */ = {isa = PBXFileReference; lastKnownFileType = sourcecode.swift; path = Model.swift; sourceTree = "<group>"; };
/* End PBXFileReference section */

/* Begin PBXFrameworksBuildPhase section */
		54CFC3182530593F00041229 /* Frameworks */ = {
			isa = PBXFrameworksBuildPhase;
			buildActionMask = 2147483647;
			files = (
			);
			runOnlyForDeploymentPostprocessing = 0;
		};
/* End PBXFrameworksBuildPhase section */

/* Begin PBXGroup section */
		54CFC3122530593F00041229 = {
			isa = PBXGroup;
			children = (
				54CFC31D2530593F00041229 /* songs */,
				54CFC31C2530593F00041229 /* Products */,
			);
			sourceTree = "<group>";
		};
		54CFC31C2530593F00041229 /* Products */ = {
			isa = PBXGroup;
			children = (
				54CFC31B2530593F00041229 /* songs.app */,
			);
			name = Products;
			sourceTree = "<group>";
		};
		54CFC31D2530593F00041229 /* songs */ = {
			isa = PBXGroup;
			children = (
				54CFC33B2530665100041229 /* fadhel1.mp3 */,
				54CFC3392530665100041229 /* fadhel2.mp3 */,
				54CFC3382530665100041229 /* majed1.mp3 */,
				54CFC33E2530665100041229 /* majed2.mp3 */,
				54CFC3372530665100041229 /* majeed1.mp3 */,
				54CFC33A2530665100041229 /* majeed2.mp3 */,
				54CFC33D2530665100041229 /* rashed1.mp3 */,
				54CFC33C2530665100041229 /* rashed2.mp3 */,
				54CFC3542531B94100041229 /* audio */,
				54CFC31E2530593F00041229 /* AppDelegate.swift */,
				54CFC3202530593F00041229 /* SceneDelegate.swift */,
				54CFC3222530593F00041229 /* ViewController.swift */,
				54CFC3242530593F00041229 /* Main.storyboard */,
				54CFC3272530593F00041229 /* Assets.xcassets */,
				54CFC3292530593F00041229 /* LaunchScreen.storyboard */,
				54CFC32C2530593F00041229 /* Info.plist */,
				54CFC33325305C6500041229 /* ListVC.swift */,
				54CFC34825308AFF00041229 /* PlayerVC.swift */,
				54CFC34C2530C53500041229 /* Model.swift */,
			);
			path = songs;
			sourceTree = "<group>";
		};
		54CFC3542531B94100041229 /* audio */ = {
			isa = PBXGroup;
			children = (
			);
			path = audio;
			sourceTree = "<group>";
		};
/* End PBXGroup section */

/* Begin PBXNativeTarget section */
		54CFC31A2530593F00041229 /* songs */ = {
			isa = PBXNativeTarget;
			buildConfigurationList = 54CFC32F2530593F00041229 /* Build configuration list for PBXNativeTarget "songs" */;
			buildPhases = (
				54CFC3172530593F00041229 /* Sources */,
				54CFC3182530593F00041229 /* Frameworks */,
				54CFC3192530593F00041229 /* Resources */,
			);
			buildRules = (
			);
			dependencies = (
			);
			name = songs;
			productName = songs;
			productReference = 54CFC31B2530593F00041229 /* songs.app */;
			productType = "com.apple.product-type.application";
		};
/* End PBXNativeTarget section */

/* Begin PBXProject section */
		54CFC3132530593F00041229 /* Project object */ = {
			isa = PBXProject;
			attributes = {
				LastSwiftUpdateCheck = 1200;
				LastUpgradeCheck = 1200;
				TargetAttributes = {
					54CFC31A2530593F00041229 = {
						CreatedOnToolsVersion = 12.0.1;
					};
				};
			};
			buildConfigurationList = 54CFC3162530593F00041229 /* Build configuration list for PBXProject "songs" */;
			compatibilityVersion = "Xcode 9.3";
			developmentRegion = en;
			hasScannedForEncodings = 0;
			knownRegions = (
				en,
				Base,
			);
			mainGroup = 54CFC3122530593F00041229;
			productRefGroup = 54CFC31C2530593F00041229 /* Products */;
			projectDirPath = "";
			projectRoot = "";
			targets = (
				54CFC31A2530593F00041229 /* songs */,
			);
		};
/* End PBXProject section */

/* Begin PBXResourcesBuildPhase section */
		54CFC3192530593F00041229 /* Resources */ = {
			isa = PBXResourcesBuildPhase;
			buildActionMask = 2147483647;
			files = (
				54CFC3422530665100041229 /* majeed2.mp3 in Resources */,
				54CFC33F2530665100041229 /* majeed1.mp3 in Resources */,
				54CFC3462530665100041229 /* majed2.mp3 in Resources */,
				54CFC3402530665100041229 /* majed1.mp3 in Resources */,
				54CFC32B2530593F00041229 /* LaunchScreen.storyboard in Resources */,
				54CFC3412530665100041229 /* fadhel2.mp3 in Resources */,
				54CFC3452530665100041229 /* rashed1.mp3 in Resources */,
				54CFC3282530593F00041229 /* Assets.xcassets in Resources */,
				54CFC3432530665100041229 /* fadhel1.mp3 in Resources */,
				54CFC3442530665100041229 /* rashed2.mp3 in Resources */,
				54CFC3262530593F00041229 /* Main.storyboard in Resources */,
			);
			runOnlyForDeploymentPostprocessing = 0;
		};
/* End PBXResourcesBuildPhase section */

/* Begin PBXSourcesBuildPhase section */
		54CFC3172530593F00041229 /* Sources */ = {
			isa = PBXSourcesBuildPhase;
			buildActionMask = 2147483647;
			files = (
				54CFC33425305C6500041229 /* ListVC.swift in Sources */,
				54CFC3232530593F00041229 /* ViewController.swift in Sources */,
				54CFC31F2530593F00041229 /* AppDelegate.swift in Sources */,
				54CFC34D2530C53500041229 /* Model.swift in Sources */,
				54CFC3212530593F00041229 /* SceneDelegate.swift in Sources */,
				54CFC34925308AFF00041229 /* PlayerVC.swift in Sources */,
			);
			runOnlyForDeploymentPostprocessing = 0;
		};
/* End PBXSourcesBuildPhase section */

/* Begin PBXVariantGroup section */
		54CFC3242530593F00041229 /* Main.storyboard */ = {
			isa = PBXVariantGroup;
			children = (
				54CFC3252530593F00041229 /* Base */,
			);
			name = Main.storyboard;
			sourceTree = "<group>";
		};
		54CFC3292530593F00041229 /* LaunchScreen.storyboard */ = {
			isa = PBXVariantGroup;
			children = (
				54CFC32A2530593F00041229 /* Base */,
			);
			name = LaunchScreen.storyboard;
			sourceTree = "<group>";
		};
/* End PBXVariantGroup section */

/* Begin XCBuildConfiguration section */
		54CFC32D2530593F00041229 /* Debug */ = {
			isa = XCBuildConfiguration;
			buildSettings = {
				ALWAYS_SEARCH_USER_PATHS = NO;
				CLANG_ANALYZER_NONNULL = YES;
				CLANG_ANALYZER_NUMBER_OBJECT_CONVERSION = YES_AGGRESSIVE;
				CLANG_CXX_LANGUAGE_STANDARD = "gnu++14";
				CLANG_CXX_LIBRARY = "libc++";
				CLANG_ENABLE_MODULES = YES;
				CLANG_ENABLE_OBJC_ARC = YES;
				CLANG_ENABLE_OBJC_WEAK = YES;
				CLANG_WARN_BLOCK_CAPTURE_AUTORELEASING = YES;
				CLANG_WARN_BOOL_CONVERSION = YES;
				CLANG_WARN_COMMA = YES;
				CLANG_WARN_CONSTANT_CONVERSION = YES;
				CLANG_WARN_DEPRECATED_OBJC_IMPLEMENTATIONS = YES;
				CLANG_WARN_DIRECT_OBJC_ISA_USAGE = YES_ERROR;
				CLANG_WARN_DOCUMENTATION_COMMENTS = YES;
				CLANG_WARN_EMPTY_BODY = YES;
				CLANG_WARN_ENUM_CONVERSION = YES;
				CLANG_WARN_INFINITE_RECURSION = YES;
				CLANG_WARN_INT_CONVERSION = YES;
				CLANG_WARN_NON_LITERAL_NULL_CONVERSION = YES;
				CLANG_WARN_OBJC_IMPLICIT_RETAIN_SELF = YES;
				CLANG_WARN_OBJC_LITERAL_CONVERSION = YES;
				CLANG_WARN_OBJC_ROOT_CLASS = YES_ERROR;
				CLANG_WARN_QUOTED_INCLUDE_IN_FRAMEWORK_HEADER = YES;
				CLANG_WARN_RANGE_LOOP_ANALYSIS = YES;
				CLANG_WARN_STRICT_PROTOTYPES = YES;
				CLANG_WARN_SUSPICIOUS_MOVE = YES;
				CLANG_WARN_UNGUARDED_AVAILABILITY = YES_AGGRESSIVE;
				CLANG_WARN_UNREACHABLE_CODE = YES;
				CLANG_WARN__DUPLICATE_METHOD_MATCH = YES;
				COPY_PHASE_STRIP = NO;
				DEBUG_INFORMATION_FORMAT = dwarf;
				ENABLE_STRICT_OBJC_MSGSEND = YES;
				ENABLE_TESTABILITY = YES;
				GCC_C_LANGUAGE_STANDARD = gnu11;
				GCC_DYNAMIC_NO_PIC = NO;
				GCC_NO_COMMON_BLOCKS = YES;
				GCC_OPTIMIZATION_LEVEL = 0;
				GCC_PREPROCESSOR_DEFINITIONS = (
					"DEBUG=1",
					"$(inherited)",
				);
				GCC_WARN_64_TO_32_BIT_CONVERSION = YES;
				GCC_WARN_ABOUT_RETURN_TYPE = YES_ERROR;
				GCC_WARN_UNDECLARED_SELECTOR = YES;
				GCC_WARN_UNINITIALIZED_AUTOS = YES_AGGRESSIVE;
				GCC_WARN_UNUSED_FUNCTION = YES;
				GCC_WARN_UNUSED_VARIABLE = YES;
				IPHONEOS_DEPLOYMENT_TARGET = 14.0;
				MTL_ENABLE_DEBUG_INFO = INCLUDE_SOURCE;
				MTL_FAST_MATH = YES;
				ONLY_ACTIVE_ARCH = YES;
				SDKROOT = iphoneos;
				SWIFT_ACTIVE_COMPILATION_CONDITIONS = DEBUG;
				SWIFT_OPTIMIZATION_LEVEL = "-Onone";
			};
			name = Debug;
		};
		54CFC32E2530593F00041229 /* Release */ = {
			isa = XCBuildConfiguration;
			buildSettings = {
				ALWAYS_SEARCH_USER_PATHS = NO;
				CLANG_ANALYZER_NONNULL = YES;
				CLANG_ANALYZER_NUMBER_OBJECT_CONVERSION = YES_AGGRESSIVE;
				CLANG_CXX_LANGUAGE_STANDARD = "gnu++14";
				CLANG_CXX_LIBRARY = "libc++";
				CLANG_ENABLE_MODULES = YES;
				CLANG_ENABLE_OBJC_ARC = YES;
				CLANG_ENABLE_OBJC_WEAK = YES;
				CLANG_WARN_BLOCK_CAPTURE_AUTORELEASING = YES;
				CLANG_WARN_BOOL_CONVERSION = YES;
				CLANG_WARN_COMMA = YES;
				CLANG_WARN_CONSTANT_CONVERSION = YES;
				CLANG_WARN_DEPRECATED_OBJC_IMPLEMENTATIONS = YES;
				CLANG_WARN_DIRECT_OBJC_ISA_USAGE = YES_ERROR;
				CLANG_WARN_DOCUMENTATION_COMMENTS = YES;
				CLANG_WARN_EMPTY_BODY = YES;
				CLANG_WARN_ENUM_CONVERSION = YES;
				CLANG_WARN_INFINITE_RECURSION = YES;
				CLANG_WARN_INT_CONVERSION = YES;
				CLANG_WARN_NON_LITERAL_NULL_CONVERSION = YES;
				CLANG_WARN_OBJC_IMPLICIT_RETAIN_SELF = YES;
				CLANG_WARN_OBJC_LITERAL_CONVERSION = YES;
				CLANG_WARN_OBJC_ROOT_CLASS = YES_ERROR;
				CLANG_WARN_QUOTED_INCLUDE_IN_FRAMEWORK_HEADER = YES;
				CLANG_WARN_RANGE_LOOP_ANALYSIS = YES;
				CLANG_WARN_STRICT_PROTOTYPES = YES;
				CLANG_WARN_SUSPICIOUS_MOVE = YES;
				CLANG_WARN_UNGUARDED_AVAILABILITY = YES_AGGRESSIVE;
				CLANG_WARN_UNREACHABLE_CODE = YES;
				CLANG_WARN__DUPLICATE_METHOD_MATCH = YES;
				COPY_PHASE_STRIP = NO;
				DEBUG_INFORMATION_FORMAT = "dwarf-with-dsym";
				ENABLE_NS_ASSERTIONS = NO;
				ENABLE_STRICT_OBJC_MSGSEND = YES;
				GCC_C_LANGUAGE_STANDARD = gnu11;
				GCC_NO_COMMON_BLOCKS = YES;
				GCC_WARN_64_TO_32_BIT_CONVERSION = YES;
				GCC_WARN_ABOUT_RETURN_TYPE = YES_ERROR;
				GCC_WARN_UNDECLARED_SELECTOR = YES;
				GCC_WARN_UNINITIALIZED_AUTOS = YES_AGGRESSIVE;
				GCC_WARN_UNUSED_FUNCTION = YES;
				GCC_WARN_UNUSED_VARIABLE = YES;
				IPHONEOS_DEPLOYMENT_TARGET = 14.0;
				MTL_ENABLE_DEBUG_INFO = NO;
				MTL_FAST_MATH = YES;
				SDKROOT = iphoneos;
				SWIFT_COMPILATION_MODE = wholemodule;
				SWIFT_OPTIMIZATION_LEVEL = "-O";
				VALIDATE_PRODUCT = YES;
			};
			name = Release;
		};
		54CFC3302530593F00041229 /* Debug */ = {
			isa = XCBuildConfiguration;
			buildSettings = {
				ASSETCATALOG_COMPILER_APPICON_NAME = AppIcon;
				ASSETCATALOG_COMPILER_GLOBAL_ACCENT_COLOR_NAME = AccentColor;
				CODE_SIGN_STYLE = Automatic;
				INFOPLIST_FILE = songs/Info.plist;
				LD_RUNPATH_SEARCH_PATHS = (
					"$(inherited)",
					"@executable_path/Frameworks",
				);
				PRODUCT_BUNDLE_IDENTIFIER = com.Mariam.songs;
				PRODUCT_NAME = "$(TARGET_NAME)";
				SWIFT_VERSION = 5.0;
				TARGETED_DEVICE_FAMILY = "1,2";
			};
			name = Debug;
		};
		54CFC3312530593F00041229 /* Release */ = {
			isa = XCBuildConfiguration;
			buildSettings = {
				ASSETCATALOG_COMPILER_APPICON_NAME = AppIcon;
				ASSETCATALOG_COMPILER_GLOBAL_ACCENT_COLOR_NAME = AccentColor;
				CODE_SIGN_STYLE = Automatic;
				INFOPLIST_FILE = songs/Info.plist;
				LD_RUNPATH_SEARCH_PATHS = (
					"$(inherited)",
					"@executable_path/Frameworks",
				);
				PRODUCT_BUNDLE_IDENTIFIER = com.Mariam.songs;
				PRODUCT_NAME = "$(TARGET_NAME)";
				SWIFT_VERSION = 5.0;
				TARGETED_DEVICE_FAMILY = "1,2";
			};
			name = Release;
		};
/* End XCBuildConfiguration section */

/* Begin XCConfigurationList section */
		54CFC3162530593F00041229 /* Build configuration list for PBXProject "songs" */ = {
			isa = XCConfigurationList;
			buildConfigurations = (
				54CFC32D2530593F00041229 /* Debug */,
				54CFC32E2530593F00041229 /* Release */,
			);
			defaultConfigurationIsVisible = 0;
			defaultConfigurationName = Release;
		};
		54CFC32F2530593F00041229 /* Build configuration list for PBXNativeTarget "songs" */ = {
			isa = XCConfigurationList;
			buildConfigurations = (
				54CFC3302530593F00041229 /* Debug */,
				54CFC3312530593F00041229 /* Release */,
			);
			defaultConfigurationIsVisible = 0;
			defaultConfigurationName = Release;
		};
/* End XCConfigurationList section */
	};
	rootObject = 54CFC3132530593F00041229 /* Project object */;
}
